Microsoft Visual Studio Solution File, Format Version 12.00
# Visual Studio 16
Project("{2150E333-8FDC-42A3-9474-1A3956D46DE8}") = "CMakePredefinedTargets", "CMakePredefinedTargets", "{25996BFF-20D5-368E-91C7-3D2B128E1AE6}"
EndProject
Project("{2150E333-8FDC-42A3-9474-1A3956D46DE8}") = "GLFW3", "GLFW3", "{094B6877-35F5-329B-B45B-20DEE7776B75}"
EndProject
Project("{8BC9CEB8-8B4A-11D0-8D11-00A0C91BC942}") = "ALL_BUILD", "ALL_BUILD.vcxproj", "{CFFBDFBA-DC0B-31FD-9332-84E8E08DD839}"
	ProjectSection(ProjectDependencies) = postProject
		{0A900209-4FD9-360B-A90C-7D065C3072F0} = {0A900209-4FD9-360B-A90C-7D065C3072F0}
		{EA3A435A-163E-3BD1-9A87-69B3A0969FE4} = {EA3A435A-163E-3BD1-9A87-69B3A0969FE4}
		{765F3D48-2F51-3A0E-9803-E71483328714} = {765F3D48-2F51-3A0E-9803-E71483328714}
	EndProjectSection
EndProject
Project("{8BC9CEB8-8B4A-11D0-8D11-00A0C91BC942}") = "INSTALL", "INSTALL.vcxproj", "{24B2424E-9F68-336F-88BF-321620313B27}"
	ProjectSection(ProjectDependencies) = postProject
		{CFFBDFBA-DC0B-31FD-9332-84E8E08DD839} = {CFFBDFBA-DC0B-31FD-9332-84E8E08DD839}
		{0A900209-4FD9-360B-A90C-7D065C3072F0} = {0A900209-4FD9-360B-A90C-7D065C3072F0}
	EndProjectSection
EndProject
Project("{8BC9CEB8-8B4A-11D0-8D11-00A0C91BC942}") = "ZERO_CHECK", "..\\ZERO_CHECK.vcxproj", "{0A900209-4FD9-360B-A90C-7D065C3072F0}"
	ProjectSection(ProjectDependencies) = postProject
	EndProjectSection
EndProject
Project("{8BC9CEB8-8B4A-11D0-8D11-00A0C91BC942}") = "glfw", "glfw\src\glfw.vcxproj", "{EA3A435A-163E-3BD1-9A87-69B3A0969FE4}"
	ProjectSection(ProjectDependencies) = postProject
		{0A900209-4FD9-360B-A90C-7D065C3072F0} = {0A900209-4FD9-360B-A90C-7D065C3072F0}
	EndProjectSection
EndProject
Project("{8BC9CEB8-8B4A-11D0-8D11-00A0C91BC942}") = "stereo-static", "..\\stereo-static.vcxproj", "{014E1130-E155-31F1-BE89-F8B41B16CB5F}"
	ProjectSection(ProjectDependencies) = postProject
		{0A900209-4FD9-360B-A90C-7D065C3072F0} = {0A900209-4FD9-360B-A90C-7D065C3072F0}
	EndProjectSection
EndProject
Project("{8BC9CEB8-8B4A-11D0-8D11-00A0C91BC942}") = "stereo-world", "stereo-world.vcxproj", "{765F3D48-2F51-3A0E-9803-E71483328714}"
	ProjectSection(ProjectDependencies) = postProject
		{0A900209-4FD9-360B-A90C-7D065C3072F0} = {0A900209-4FD9-360B-A90C-7D065C3072F0}
		{EA3A435A-163E-3BD1-9A87-69B3A0969FE4} = {EA3A435A-163E-3BD1-9A87-69B3A0969FE4}
		{014E1130-E155-31F1-BE89-F8B41B16CB5F} = {014E1130-E155-31F1-BE89-F8B41B16CB5F}
	EndProjectSection
EndProject
Project("{8BC9CEB8-8B4A-11D0-8D11-00A0C91BC942}") = "uninstall", "glfw\uninstall.vcxproj", "{88DCBE23-C0E6-3C0D-B863-CA5D31668AC6}"
	ProjectSection(ProjectDependencies) = postProject
		{0A900209-4FD9-360B-A90C-7D065C3072F0} = {0A900209-4FD9-360B-A90C-7D065C3072F0}
	EndProjectSection
EndProject
Global
	GlobalSection(SolutionConfigurationPlatforms) = preSolution
		Debug|x64 = Debug|x64
		Release|x64 = Release|x64
		MinSizeRel|x64 = MinSizeRel|x64
		RelWithDebInfo|x64 = RelWithDebInfo|x64
	EndGlobalSection
	GlobalSection(ProjectConfigurationPlatforms) = postSolution
		{CFFBDFBA-DC0B-31FD-9332-84E8E08DD839}.Debug|x64.ActiveCfg = Debug|x64
		{CFFBDFBA-DC0B-31FD-9332-84E8E08DD839}.Debug|x64.Build.0 = Debug|x64
		{CFFBDFBA-DC0B-31FD-9332-84E8E08DD839}.Release|x64.ActiveCfg = Release|x64
		{CFFBDFBA-DC0B-31FD-9332-84E8E08DD839}.Release|x64.Build.0 = Release|x64
		{CFFBDFBA-DC0B-31FD-9332-84E8E08DD839}.MinSizeRel|x64.ActiveCfg = MinSizeRel|x64
		{CFFBDFBA-DC0B-31FD-9332-84E8E08DD839}.MinSizeRel|x64.Build.0 = MinSizeRel|x64
		{CFFBDFBA-DC0B-31FD-9332-84E8E08DD839}.RelWithDebInfo|x64.ActiveCfg = RelWithDebInfo|x64
		{CFFBDFBA-DC0B-31FD-9332-84E8E08DD839}.RelWithDebInfo|x64.Build.0 = RelWithDebInfo|x64
		{24B2424E-9F68-336F-88BF-321620313B27}.Debug|x64.ActiveCfg = Debug|x64
		{24B2424E-9F68-336F-88BF-321620313B27}.Release|x64.ActiveCfg = Release|x64
		{24B2424E-9F68-336F-88BF-321620313B27}.MinSizeRel|x64.ActiveCfg = MinSizeRel|x64
		{24B2424E-9F68-336F-88BF-321620313B27}.RelWithDebInfo|x64.ActiveCfg = RelWithDebInfo|x64
		{0A900209-4FD9-360B-A90C-7D065C3072F0}.Debug|x64.ActiveCfg = Debug|x64
		{0A900209-4FD9-360B-A90C-7D065C3072F0}.Debug|x64.Build.0 = Debug|x64
		{0A900209-4FD9-360B-A90C-7D065C3072F0}.Release|x64.ActiveCfg = Release|x64
		{0A900209-4FD9-360B-A90C-7D065C3072F0}.Release|x64.Build.0 = Release|x64
		{0A900209-4FD9-360B-A90C-7D065C3072F0}.MinSizeRel|x64.ActiveCfg = MinSizeRel|x64
		{0A900209-4FD9-360B-A90C-7D065C3072F0}.MinSizeRel|x64.Build.0 = MinSizeRel|x64
		{0A900209-4FD9-360B-A90C-7D065C3072F0}.RelWithDebInfo|x64.ActiveCfg = RelWithDebInfo|x64
		{0A900209-4FD9-360B-A90C-7D065C3072F0}.RelWithDebInfo|x64.Build.0 = RelWithDebInfo|x64
		{EA3A435A-163E-3BD1-9A87-69B3A0969FE4}.Debug|x64.ActiveCfg = Debug|x64
		{EA3A435A-163E-3BD1-9A87-69B3A0969FE4}.Debug|x64.Build.0 = Debug|x64
		{EA3A435A-163E-3BD1-9A87-69B3A0969FE4}.Release|x64.ActiveCfg = Release|x64
		{EA3A435A-163E-3BD1-9A87-69B3A0969FE4}.Release|x64.Build.0 = Release|x64
		{EA3A435A-163E-3BD1-9A87-69B3A0969FE4}.MinSizeRel|x64.ActiveCfg = MinSizeRel|x64
		{EA3A435A-163E-3BD1-9A87-69B3A0969FE4}.MinSizeRel|x64.Build.0 = MinSizeRel|x64
		{EA3A435A-163E-3BD1-9A87-69B3A0969FE4}.RelWithDebInfo|x64.ActiveCfg = RelWithDebInfo|x64
		{EA3A435A-163E-3BD1-9A87-69B3A0969FE4}.RelWithDebInfo|x64.Build.0 = RelWithDebInfo|x64
		{014E1130-E155-31F1-BE89-F8B41B16CB5F}.Debug|x64.ActiveCfg = Debug|x64
		{014E1130-E155-31F1-BE89-F8B41B16CB5F}.Debug|x64.Build.0 = Debug|x64
		{014E1130-E155-31F1-BE89-F8B41B16CB5F}.Release|x64.ActiveCfg = Release|x64
		{014E1130-E155-31F1-BE89-F8B41B16CB5F}.Release|x64.Build.0 = Release|x64
		{014E1130-E155-31F1-BE89-F8B41B16CB5F}.MinSizeRel|x64.ActiveCfg = MinSizeRel|x64
		{014E1130-E155-31F1-BE89-F8B41B16CB5F}.MinSizeRel|x64.Build.0 = MinSizeRel|x64
		{014E1130-E155-31F1-BE89-F8B41B16CB5F}.RelWithDebInfo|x64.ActiveCfg = RelWithDebInfo|x64
		{014E1130-E155-31F1-BE89-F8B41B16CB5F}.RelWithDebInfo|x64.Build.0 = RelWithDebInfo|x64
		{765F3D48-2F51-3A0E-9803-E71483328714}.Debug|x64.ActiveCfg = Debug|x64
		{765F3D48-2F51-3A0E-9803-E71483328714}.Debug|x64.Build.0 = Debug|x64
		{765F3D48-2F51-3A0E-9803-E71483328714}.Release|x64.ActiveCfg = Release|x64
		{765F3D48-2F51-3A0E-9803-E71483328714}.Release|x64.Build.0 = Release|x64
		{765F3D48-2F51-3A0E-9803-E71483328714}.MinSizeRel|x64.ActiveCfg = MinSizeRel|x64
		{765F3D48-2F51-3A0E-9803-E71483328714}.MinSizeRel|x64.Build.0 = MinSizeRel|x64
		{765F3D48-2F51-3A0E-9803-E71483328714}.RelWithDebInfo|x64.ActiveCfg = RelWithDebInfo|x64
		{765F3D48-2F51-3A0E-9803-E71483328714}.RelWithDebInfo|x64.Build.0 = RelWithDebInfo|x64
		{88DCBE23-C0E6-3C0D-B863-CA5D31668AC6}.Debug|x64.ActiveCfg = Debug|x64
		{88DCBE23-C0E6-3C0D-B863-CA5D31668AC6}.Release|x64.ActiveCfg = Release|x64
		{88DCBE23-C0E6-3C0D-B863-CA5D31668AC6}.MinSizeRel|x64.ActiveCfg = MinSizeRel|x64
		{88DCBE23-C0E6-3C0D-B863-CA5D31668AC6}.RelWithDebInfo|x64.ActiveCfg = RelWithDebInfo|x64
	EndGlobalSection
	GlobalSection(NestedProjects) = preSolution
		{CFFBDFBA-DC0B-31FD-9332-84E8E08DD839} = {25996BFF-20D5-368E-91C7-3D2B128E1AE6}
		{24B2424E-9F68-336F-88BF-321620313B27} = {25996BFF-20D5-368E-91C7-3D2B128E1AE6}
		{0A900209-4FD9-360B-A90C-7D065C3072F0} = {25996BFF-20D5-368E-91C7-3D2B128E1AE6}
		{EA3A435A-163E-3BD1-9A87-69B3A0969FE4} = {094B6877-35F5-329B-B45B-20DEE7776B75}
		{88DCBE23-C0E6-3C0D-B863-CA5D31668AC6} = {094B6877-35F5-329B-B45B-20DEE7776B75}
	EndGlobalSection
	GlobalSection(ExtensibilityGlobals) = postSolution
		SolutionGuid = {AC6BD3C0-3411-3EED-8907-F9CB8B2C0907}
	EndGlobalSection
	GlobalSection(ExtensibilityAddIns) = postSolution
	EndGlobalSection
EndGlobal
